
Microsoft Visual Studio Solution File, Format Version 12.00
# Visual Studio Version 17
VisualStudioVersion = 17.8.34511.84
MinimumVisualStudioVersion = 10.0.40219.1
Project("{8BC9CEB8-8B4A-11D0-8D11-00A0C91BC942}") = "FinalExamProject", "FinalExamProject.vcxproj", "{C21D824C-37BD-43D5-8CFE-F5CD9E07D468}"
EndProject
Global
	GlobalSection(SolutionConfigurationPlatforms) = preSolution
		Debug|x64 = Debug|x64
		Debug|x86 = Debug|x86
		Release|x64 = Release|x64
		Release|x86 = Release|x86
	EndGlobalSection
	GlobalSection(ProjectConfigurationPlatforms) = postSolution
		{C21D824C-37BD-43D5-8CFE-F5CD9E07D468}.Debug|x64.ActiveCfg = Debug|x64
		{C21D824C-37BD-43D5-8CFE-F5CD9E07D468}.Debug|x64.Build.0 = Debug|x64
		{C21D824C-37BD-43D5-8CFE-F5CD9E07D468}.Debug|x86.ActiveCfg = Debug|Win32
		{C21D824C-37BD-43D5-8CFE-F5CD9E07D468}.Debug|x86.Build.0 = Debug|Win32
		{C21D824C-37BD-43D5-8CFE-F5CD9E07D468}.Release|x64.ActiveCfg = Release|x64
		{C21D824C-37BD-43D5-8CFE-F5CD9E07D468}.Release|x64.Build.0 = Release|x64
		{C21D824C-37BD-43D5-8CFE-F5CD9E07D468}.Release|x86.ActiveCfg = Release|Win32
		{C21D824C-37BD-43D5-8CFE-F5CD9E07D468}.Release|x86.Build.0 = Release|Win32
	EndGlobalSection
	GlobalSection(SolutionProperties) = preSolution
		HideSolutionNode = FALSE
	EndGlobalSection
	GlobalSection(ExtensibilityGlobals) = postSolution
		SolutionGuid = {B0B02DA4-DC44-4F3B-9719-33F8B9586F89}
	EndGlobalSection
EndGlobal
